
Microsoft Visual Studio Solution File, Format Version 12.00
# Visual Studio Version 17
VisualStudioVersion = 17.3.32825.248
MinimumVisualStudioVersion = 10.0.40219.1
Project("{2150E333-8FDC-42A3-9474-1A3956D46DE8}") = "Solution Items", "Solution Items", "{A5850441-EFCB-44FB-98ED-2524EA301461}"
	ProjectSection(SolutionItems) = preProject
		.editorconfig = .editorconfig
		.gitignore = .gitignore
		CHANGELOG.md = CHANGELOG.md
		Directory.Build.props = Directory.Build.props
		LICENSE = LICENSE
		README.md = README.md
	EndProjectSection
EndProject
Project("{2150E333-8FDC-42A3-9474-1A3956D46DE8}") = "tests", "tests", "{C018C686-8082-437A-9888-62F0B95B985A}"
EndProject
Project("{2150E333-8FDC-42A3-9474-1A3956D46DE8}") = "src", "src", "{4E2BEA7B-A744-4D1B-A5F0-87E9186BE0C0}"
EndProject
Project("{9A19103F-16F7-4668-BE54-9A1E7A4F7556}") = "Mindee.UnitTests", "tests\Mindee.UnitTests\Mindee.UnitTests.csproj", "{1228287D-8E16-4947-B821-25180A36F9F3}"
EndProject
Project("{9A19103F-16F7-4668-BE54-9A1E7A4F7556}") = "Mindee.IntegrationTests", "tests\Mindee.IntegrationTests\Mindee.IntegrationTests.csproj", "{8F3E7E11-74E6-4C22-B05F-0B4CE6442FCC}"
EndProject
Project("{9A19103F-16F7-4668-BE54-9A1E7A4F7556}") = "Mindee.Cli", "src\Mindee.Cli\Mindee.Cli.csproj", "{FAFCE7C5-4D8A-494C-979A-525DD3B421A2}"
EndProject
Project("{9A19103F-16F7-4668-BE54-9A1E7A4F7556}") = "Mindee", "src\Mindee\Mindee.csproj", "{27880558-4F4F-47E9-A097-CB076C101634}"
EndProject
Project("{2150E333-8FDC-42A3-9474-1A3956D46DE8}") = "docs", "docs", "{B9F282D0-337D-4B42-81EB-6830486BA103}"
	ProjectSection(SolutionItems) = preProject
		docs\dotnet-api-builder.md = docs\dotnet-api-builder.md
		docs\dotnet-getting-started.md = docs\dotnet-getting-started.md
		docs\dotnet-invoice-ocr.md = docs\dotnet-invoice-ocr.md
		docs\dotnet-passport-ocr.md = docs\dotnet-passport-ocr.md
		docs\dotnet-receipt-ocr.md = docs\dotnet-receipt-ocr.md
		docs\index.md = docs\index.md
	EndProjectSection
EndProject
Project("{2150E333-8FDC-42A3-9474-1A3956D46DE8}") = "samples", "samples", "{ACC39379-8E89-49E4-8CE5-574AD0F310A6}"
EndProject
Project("{9A19103F-16F7-4668-BE54-9A1E7A4F7556}") = "Mindee.Sample.Net60", "sample\Mindee.Sample.Net60\Mindee.Sample.Net60.csproj", "{FE871148-E450-497D-AF8E-E68D922E5CD2}"
EndProject
Project("{FAE04EC0-301F-11D3-BF4B-00C04F79EFBC}") = "Mindee.Sample.Net472", "sample\Mindee.Sample.Net472\Mindee.Sample.Net472.csproj", "{02BDF652-B9F4-407A-A3FD-36C5BCEC8C39}"
EndProject
Global
	GlobalSection(SolutionConfigurationPlatforms) = preSolution
		Debug|Any CPU = Debug|Any CPU
		Release|Any CPU = Release|Any CPU
	EndGlobalSection
	GlobalSection(ProjectConfigurationPlatforms) = postSolution
		{1228287D-8E16-4947-B821-25180A36F9F3}.Debug|Any CPU.ActiveCfg = Debug|Any CPU
		{1228287D-8E16-4947-B821-25180A36F9F3}.Debug|Any CPU.Build.0 = Debug|Any CPU
		{1228287D-8E16-4947-B821-25180A36F9F3}.Release|Any CPU.ActiveCfg = Release|Any CPU
		{1228287D-8E16-4947-B821-25180A36F9F3}.Release|Any CPU.Build.0 = Release|Any CPU
		{8F3E7E11-74E6-4C22-B05F-0B4CE6442FCC}.Debug|Any CPU.ActiveCfg = Debug|Any CPU
		{8F3E7E11-74E6-4C22-B05F-0B4CE6442FCC}.Debug|Any CPU.Build.0 = Debug|Any CPU
		{8F3E7E11-74E6-4C22-B05F-0B4CE6442FCC}.Release|Any CPU.ActiveCfg = Release|Any CPU
		{8F3E7E11-74E6-4C22-B05F-0B4CE6442FCC}.Release|Any CPU.Build.0 = Release|Any CPU
		{FAFCE7C5-4D8A-494C-979A-525DD3B421A2}.Debug|Any CPU.ActiveCfg = Debug|Any CPU
		{FAFCE7C5-4D8A-494C-979A-525DD3B421A2}.Debug|Any CPU.Build.0 = Debug|Any CPU
		{FAFCE7C5-4D8A-494C-979A-525DD3B421A2}.Release|Any CPU.ActiveCfg = Release|Any CPU
		{FAFCE7C5-4D8A-494C-979A-525DD3B421A2}.Release|Any CPU.Build.0 = Release|Any CPU
		{27880558-4F4F-47E9-A097-CB076C101634}.Debug|Any CPU.ActiveCfg = Debug|Any CPU
		{27880558-4F4F-47E9-A097-CB076C101634}.Debug|Any CPU.Build.0 = Debug|Any CPU
		{27880558-4F4F-47E9-A097-CB076C101634}.Release|Any CPU.ActiveCfg = Release|Any CPU
		{27880558-4F4F-47E9-A097-CB076C101634}.Release|Any CPU.Build.0 = Release|Any CPU
		{FE871148-E450-497D-AF8E-E68D922E5CD2}.Debug|Any CPU.ActiveCfg = Debug|Any CPU
		{FE871148-E450-497D-AF8E-E68D922E5CD2}.Debug|Any CPU.Build.0 = Debug|Any CPU
		{FE871148-E450-497D-AF8E-E68D922E5CD2}.Release|Any CPU.ActiveCfg = Release|Any CPU
		{FE871148-E450-497D-AF8E-E68D922E5CD2}.Release|Any CPU.Build.0 = Release|Any CPU
		{02BDF652-B9F4-407A-A3FD-36C5BCEC8C39}.Debug|Any CPU.ActiveCfg = Debug|Any CPU
		{02BDF652-B9F4-407A-A3FD-36C5BCEC8C39}.Debug|Any CPU.Build.0 = Debug|Any CPU
		{02BDF652-B9F4-407A-A3FD-36C5BCEC8C39}.Release|Any CPU.ActiveCfg = Release|Any CPU
		{02BDF652-B9F4-407A-A3FD-36C5BCEC8C39}.Release|Any CPU.Build.0 = Release|Any CPU
	EndGlobalSection
	GlobalSection(SolutionProperties) = preSolution
		HideSolutionNode = FALSE
	EndGlobalSection
	GlobalSection(NestedProjects) = preSolution
		{1228287D-8E16-4947-B821-25180A36F9F3} = {C018C686-8082-437A-9888-62F0B95B985A}
		{8F3E7E11-74E6-4C22-B05F-0B4CE6442FCC} = {C018C686-8082-437A-9888-62F0B95B985A}
		{FAFCE7C5-4D8A-494C-979A-525DD3B421A2} = {4E2BEA7B-A744-4D1B-A5F0-87E9186BE0C0}
		{27880558-4F4F-47E9-A097-CB076C101634} = {4E2BEA7B-A744-4D1B-A5F0-87E9186BE0C0}
		{FE871148-E450-497D-AF8E-E68D922E5CD2} = {ACC39379-8E89-49E4-8CE5-574AD0F310A6}
		{02BDF652-B9F4-407A-A3FD-36C5BCEC8C39} = {ACC39379-8E89-49E4-8CE5-574AD0F310A6}
	EndGlobalSection
	GlobalSection(ExtensibilityGlobals) = postSolution
		SolutionGuid = {6A4CA814-44CB-4687-86AF-9230DD686585}
	EndGlobalSection
EndGlobal
