
Microsoft Visual Studio Solution File, Format Version 12.00
# Visual Studio Version 17
VisualStudioVersion = 17.3.32825.248
MinimumVisualStudioVersion = 10.0.40219.1
Project("{9A19103F-16F7-4668-BE54-9A1E7A4F7556}") = "Mindee", "Mindee\Mindee.csproj", "{3354DEBC-F5B9-470E-A13A-7ACDD956983C}"
EndProject
Global
	GlobalSection(SolutionConfigurationPlatforms) = preSolution
		Debug|Any CPU = Debug|Any CPU
		Release|Any CPU = Release|Any CPU
	EndGlobalSection
	GlobalSection(ProjectConfigurationPlatforms) = postSolution
		{3354DEBC-F5B9-470E-A13A-7ACDD956983C}.Debug|Any CPU.ActiveCfg = Debug|Any CPU
		{3354DEBC-F5B9-470E-A13A-7ACDD956983C}.Debug|Any CPU.Build.0 = Debug|Any CPU
		{3354DEBC-F5B9-470E-A13A-7ACDD956983C}.Release|Any CPU.ActiveCfg = Release|Any CPU
		{3354DEBC-F5B9-470E-A13A-7ACDD956983C}.Release|Any CPU.Build.0 = Release|Any CPU
		{737B925F-E3AF-42D1-97C8-088058C4F6AA}.Debug|Any CPU.ActiveCfg = Debug|Any CPU
		{737B925F-E3AF-42D1-97C8-088058C4F6AA}.Debug|Any CPU.Build.0 = Debug|Any CPU
		{737B925F-E3AF-42D1-97C8-088058C4F6AA}.Release|Any CPU.ActiveCfg = Release|Any CPU
		{737B925F-E3AF-42D1-97C8-088058C4F6AA}.Release|Any CPU.Build.0 = Release|Any CPU
		{A0C8195B-BF6E-4EE3-8B4C-BC0B1AB226D4}.Debug|Any CPU.ActiveCfg = Debug|Any CPU
		{A0C8195B-BF6E-4EE3-8B4C-BC0B1AB226D4}.Debug|Any CPU.Build.0 = Debug|Any CPU
		{A0C8195B-BF6E-4EE3-8B4C-BC0B1AB226D4}.Release|Any CPU.ActiveCfg = Release|Any CPU
		{A0C8195B-BF6E-4EE3-8B4C-BC0B1AB226D4}.Release|Any CPU.Build.0 = Release|Any CPU
	EndGlobalSection
	GlobalSection(SolutionProperties) = preSolution
		HideSolutionNode = FALSE
	EndGlobalSection
	GlobalSection(ExtensibilityGlobals) = postSolution
		SolutionGuid = {6BB71E34-3508-4549-828F-1784D51CF64C}
	EndGlobalSection
EndGlobal
